
Microsoft Visual Studio Solution File, Format Version 12.00
# Visual Studio Version 16
VisualStudioVersion = 16.0.30330.147
MinimumVisualStudioVersion = 10.0.40219.1
Project("{9A19103F-16F7-4668-BE54-9A1E7A4F7556}") = "PsFlattenFoldersCmdlet", "PsFlattenFoldersCmdlet\PsFlattenFoldersCmdlet.csproj", "{1AB26ECF-E0CE-4B2E-871F-2EF8524D90DE}"
EndProject
Project("{FAE04EC0-301F-11D3-BF4B-00C04F79EFBC}") = "PsFlattenFoldersCmdlet.Tests", "PsFlattenFoldersCmdlet.Tests\PsFlattenFoldersCmdlet.Tests.csproj", "{071618D3-537A-4769-9D57-CFB17DD20EBA}"
EndProject
Global
	GlobalSection(SolutionConfigurationPlatforms) = preSolution
		Debug|Any CPU = Debug|Any CPU
		Release|Any CPU = Release|Any CPU
	EndGlobalSection
	GlobalSection(ProjectConfigurationPlatforms) = postSolution
		{1AB26ECF-E0CE-4B2E-871F-2EF8524D90DE}.Debug|Any CPU.ActiveCfg = Debug|Any CPU
		{1AB26ECF-E0CE-4B2E-871F-2EF8524D90DE}.Debug|Any CPU.Build.0 = Debug|Any CPU
		{1AB26ECF-E0CE-4B2E-871F-2EF8524D90DE}.Release|Any CPU.ActiveCfg = Release|Any CPU
		{1AB26ECF-E0CE-4B2E-871F-2EF8524D90DE}.Release|Any CPU.Build.0 = Release|Any CPU
		{071618D3-537A-4769-9D57-CFB17DD20EBA}.Debug|Any CPU.ActiveCfg = Debug|Any CPU
		{071618D3-537A-4769-9D57-CFB17DD20EBA}.Debug|Any CPU.Build.0 = Debug|Any CPU
		{071618D3-537A-4769-9D57-CFB17DD20EBA}.Release|Any CPU.ActiveCfg = Release|Any CPU
		{071618D3-537A-4769-9D57-CFB17DD20EBA}.Release|Any CPU.Build.0 = Release|Any CPU
	EndGlobalSection
	GlobalSection(SolutionProperties) = preSolution
		HideSolutionNode = FALSE
	EndGlobalSection
	GlobalSection(ExtensibilityGlobals) = postSolution
		SolutionGuid = {A7839243-4212-4A00-A1C7-2221CA67AFA2}
	EndGlobalSection
EndGlobal
